<?xml version="1.0" encoding="utf-8"?>
<Project ToolsVersion="4.0" xmlns="http://schemas.microsoft.com/developer/msbuild/2003">
  <ItemGroup>
    <Filter Include="include">
      <UniqueIdentifier>{acba757f-66c3-44fe-944e-7a97e9a9fdb4}</UniqueIdentifier>
    </Filter>
    <Filter Include="src">
      <UniqueIdentifier>{0215d587-dfaa-4496-896c-341348684fc4}</UniqueIdentifier>
    </Filter>
    <Filter Include="src\Siv3D">
      <UniqueIdentifier>{d6a36ea8-4760-4ea7-835e-a042d5e8c3e7}</UniqueIdentifier>
    </Filter>
    <Filter Include="src\Siv3D-Platform">
      <UniqueIdentifier>{ebba16ef-76a7-41d4-959a-9c7c2e2e6c5e}</UniqueIdentifier>
    </Filter>
    <Filter Include="src\ThirdParty">
      <UniqueIdentifier>{3d8f5f90-ea87-4da2-8021-a10bd76722db}</UniqueIdentifier>
    </Filter>
    <Filter Include="src\Siv3D-Platform\WindowsDesktop">
      <UniqueIdentifier>{a0471f24-12be-4977-8e0f-194edd9bd66f}</UniqueIdentifier>
    </Filter>
    <Filter Include="include\Siv3D">
      <UniqueIdentifier>{94983735-9b51-4486-b199-8c60000e87e3}</UniqueIdentifier>
    </Filter>
    <Filter Include="include\Siv3D\Windows">
      <UniqueIdentifier>{e6ed8ac0-a137-4479-9d52-105bf02a0522}</UniqueIdentifier>
    </Filter>
    <Filter Include="src\Siv3D\Common">
      <UniqueIdentifier>{c7cb0422-51f3-411e-9438-6756a006f35d}</UniqueIdentifier>
    </Filter>
    <Filter Include="src\Siv3D\Dummy">
      <UniqueIdentifier>{08e17fcc-fa9a-46a1-a94b-f8e53008156b}</UniqueIdentifier>
    </Filter>
    <Filter Include="src\Siv3D\Console">
      <UniqueIdentifier>{8383c205-cd97-444a-a17c-062e652fc324}</UniqueIdentifier>
    </Filter>
    <Filter Include="src\Siv3D-Platform\WindowsDesktop\Console">
      <UniqueIdentifier>{85ddd086-16c9-4593-9e13-f0fea267aacd}</UniqueIdentifier>
    </Filter>
    <Filter Include="src\Siv3D\Unicode">
      <UniqueIdentifier>{5fb7da98-05b7-46e3-aea6-eaa5eb9fc4a8}</UniqueIdentifier>
    </Filter>
    <Filter Include="src\Siv3D-Platform\WindowsDesktop\Unicode">
      <UniqueIdentifier>{f3f6eb17-38f3-4190-a0bf-f932d6c1d6f0}</UniqueIdentifier>
    </Filter>
    <Filter Include="src\Siv3D\String">
      <UniqueIdentifier>{edbe367b-384f-44e7-8e36-6fbbe3ab7c1a}</UniqueIdentifier>
    </Filter>
    <Filter Include="src\ThirdParty\Catch2">
      <UniqueIdentifier>{3c800ae8-60b1-41b1-bb6e-4fa9bcdf0ae7}</UniqueIdentifier>
    </Filter>
    <Filter Include="src\Test">
      <UniqueIdentifier>{94202a6e-b1a8-4de5-8185-a290074fb6a8}</UniqueIdentifier>
    </Filter>
    <Filter Include="include\ThirdParty">
      <UniqueIdentifier>{5df90db8-212a-43c6-96ff-3cd793e1328c}</UniqueIdentifier>
    </Filter>
    <Filter Include="include\ThirdParty\fmt">
      <UniqueIdentifier>{b84b9362-37e7-4931-a0f3-fa2d1511a560}</UniqueIdentifier>
    </Filter>
    <Filter Include="src\ThirdParty\fmt">
      <UniqueIdentifier>{159908a3-b912-4bab-9321-4f5104b1d7e3}</UniqueIdentifier>
    </Filter>
    <Filter Include="src\Siv3D\StringView">
      <UniqueIdentifier>{ad63d2d2-5695-4e93-81fc-f9f1f0672424}</UniqueIdentifier>
    </Filter>
    <Filter Include="src\Siv3D\Format">
      <UniqueIdentifier>{f7fdfc9c-ecac-403a-b8b2-7234a2cfecb7}</UniqueIdentifier>
    </Filter>
    <Filter Include="src\Siv3D\IntFormatter">
      <UniqueIdentifier>{b4722747-7e40-41a3-a567-89aa12ca64ee}</UniqueIdentifier>
    </Filter>
    <Filter Include="src\ThirdParty\double-conversion">
      <UniqueIdentifier>{29244e33-c97b-4389-bd56-3a82e7e2d72f}</UniqueIdentifier>
    </Filter>
    <Filter Include="src\Siv3D\Logger">
      <UniqueIdentifier>{bf9a23a2-e0e7-4b79-9a43-6def99dc0916}</UniqueIdentifier>
    </Filter>
    <Filter Include="src\Siv3D-Platform\WindowsDesktop\Logger">
      <UniqueIdentifier>{b96d29cd-541f-4d15-89e2-f1ccf481eb81}</UniqueIdentifier>
    </Filter>
    <Filter Include="src\Siv3D\FormatFloat">
      <UniqueIdentifier>{c86d5137-a036-4a36-80de-4e0b40d73ba0}</UniqueIdentifier>
    </Filter>
    <Filter Include="src\Siv3D\FormatInt">
      <UniqueIdentifier>{ed424eb9-3f0c-4742-ad48-267efa1e2ed4}</UniqueIdentifier>
    </Filter>
    <Filter Include="src\Siv3D-Platform\WindowsDesktop\Time">
      <UniqueIdentifier>{a9bda051-0fc4-431b-9950-3f63a003e6ab}</UniqueIdentifier>
    </Filter>
    <Filter Include="src\Siv3D\System">
      <UniqueIdentifier>{aab8a81a-851d-4d0f-815f-b5011d90a80e}</UniqueIdentifier>
    </Filter>
    <Filter Include="src\Siv3D\Window">
      <UniqueIdentifier>{86db4054-daa9-41ac-a772-f631b9f59c0d}</UniqueIdentifier>
    </Filter>
    <Filter Include="src\Siv3D-Platform\WindowsDesktop\System">
      <UniqueIdentifier>{15b57f30-ca11-4378-bd61-3492c69bfb61}</UniqueIdentifier>
    </Filter>
    <Filter Include="src\Siv3D-Platform\WindowsDesktop\Window">
      <UniqueIdentifier>{a376889b-11d2-47be-acc0-75c328bdcf9f}</UniqueIdentifier>
    </Filter>
    <Filter Include="src\Siv3D\Error">
      <UniqueIdentifier>{74946f0d-0ba0-4853-99de-bf1643a76e29}</UniqueIdentifier>
    </Filter>
    <Filter Include="src\Siv3D\EngineLog">
      <UniqueIdentifier>{93770f53-f718-458f-acc4-2397526a340b}</UniqueIdentifier>
    </Filter>
    <Filter Include="src\ThirdParty\miniutf">
      <UniqueIdentifier>{6f677924-4afd-43bd-ba7a-ca7a15934ab3}</UniqueIdentifier>
    </Filter>
    <Filter Include="src\Siv3D-Platform\WindowsDesktop\DLL">
      <UniqueIdentifier>{e2ef10a8-201e-40ed-9caf-204bbe8d3b7f}</UniqueIdentifier>
    </Filter>
  </ItemGroup>
  <ItemGroup>
    <ClInclude Include="..\Siv3D\include\Siv3D.hpp">
      <Filter>include</Filter>
    </ClInclude>
    <ClInclude Include="..\Siv3D\include\Siv3D\Windows\Libraries.hpp">
      <Filter>include\Siv3D\Windows</Filter>
    </ClInclude>
    <ClInclude Include="..\Siv3D\include\Siv3D\Windows\Windows.hpp">
      <Filter>include\Siv3D\Windows</Filter>
    </ClInclude>
    <ClInclude Include="..\Siv3D\include\Siv3D\Windows\Resource.hpp">
      <Filter>include\Siv3D\Windows</Filter>
    </ClInclude>
    <ClInclude Include="..\Siv3D\include\Siv3D\ApplicationOptions.hpp">
      <Filter>include\Siv3D</Filter>
    </ClInclude>
    <ClInclude Include="..\Siv3D\src\Siv3D\Common\ApplicationOptions.hpp">
      <Filter>src\Siv3D\Common</Filter>
    </ClInclude>
    <ClInclude Include="..\Siv3D\include\Siv3D\Platform.hpp">
      <Filter>include\Siv3D</Filter>
    </ClInclude>
    <ClInclude Include="..\Siv3D\src\Siv3D\Common\Siv3DEngine.hpp">
      <Filter>src\Siv3D\Common</Filter>
    </ClInclude>
    <ClInclude Include="..\Siv3D\src\Siv3D\Common\Siv3DComponent.hpp">
      <Filter>src\Siv3D\Common</Filter>
    </ClInclude>
    <ClInclude Include="..\Siv3D\src\Siv3D\Dummy\CDummy.hpp">
      <Filter>src\Siv3D\Dummy</Filter>
    </ClInclude>
    <ClInclude Include="..\Siv3D\src\Siv3D\Dummy\IDummy.hpp">
      <Filter>src\Siv3D\Dummy</Filter>
    </ClInclude>
    <ClInclude Include="..\Siv3D\src\Siv3D\Console\IConsole.hpp">
      <Filter>src\Siv3D\Console</Filter>
    </ClInclude>
    <ClInclude Include="..\Siv3D\src\Siv3D-Platform\WindowsDesktop\Console\CConsole.hpp">
      <Filter>src\Siv3D-Platform\WindowsDesktop\Console</Filter>
    </ClInclude>
    <ClInclude Include="..\Siv3D\include\Siv3D\Console.hpp">
      <Filter>include\Siv3D</Filter>
    </ClInclude>
    <ClInclude Include="..\Siv3D\include\Siv3D\String.hpp">
      <Filter>include\Siv3D</Filter>
    </ClInclude>
    <ClInclude Include="..\Siv3D\include\Siv3D\StringView.hpp">
      <Filter>include\Siv3D</Filter>
    </ClInclude>
    <ClInclude Include="..\Siv3D\include\Siv3D\Types.hpp">
      <Filter>include\Siv3D</Filter>
    </ClInclude>
    <ClInclude Include="..\Siv3D\include\Siv3D\String.ipp">
      <Filter>include\Siv3D</Filter>
    </ClInclude>
    <ClInclude Include="..\Siv3D\include\Siv3D\Unicode.hpp">
      <Filter>include\Siv3D</Filter>
    </ClInclude>
    <ClInclude Include="..\Siv3D\include\Siv3D\Common.hpp">
      <Filter>include\Siv3D</Filter>
    </ClInclude>
    <ClInclude Include="..\Siv3D\src\Siv3D\Unicode\UnicodeUtility.hpp">
      <Filter>src\Siv3D\Unicode</Filter>
    </ClInclude>
    <ClInclude Include="..\Siv3D\src\ThirdParty\Catch2\catch.hpp">
      <Filter>src\ThirdParty\Catch2</Filter>
    </ClInclude>
    <ClInclude Include="..\Siv3D\include\ThirdParty\fmt\core.h">
      <Filter>include\ThirdParty\fmt</Filter>
    </ClInclude>
    <ClInclude Include="..\Siv3D\src\ThirdParty\fmt\format-inl.h">
      <Filter>src\ThirdParty\fmt</Filter>
    </ClInclude>
    <ClInclude Include="..\Siv3D\include\ThirdParty\fmt\format.h">
      <Filter>include\ThirdParty\fmt</Filter>
    </ClInclude>
    <ClInclude Include="..\Siv3D\include\ThirdParty\fmt\ostream.h">
      <Filter>include\ThirdParty\fmt</Filter>
    </ClInclude>
    <ClInclude Include="..\Siv3D\include\Siv3D\FormatLiteral.hpp">
      <Filter>include\Siv3D</Filter>
    </ClInclude>
    <ClInclude Include="..\Siv3D\include\Siv3D\StringView.ipp">
      <Filter>include\Siv3D</Filter>
    </ClInclude>
    <ClInclude Include="..\Siv3D\include\Siv3D\Fwd.hpp">
      <Filter>include\Siv3D</Filter>
    </ClInclude>
    <ClInclude Include="..\Siv3D\include\Siv3D\FormatData.hpp">
      <Filter>include\Siv3D</Filter>
    </ClInclude>
    <ClInclude Include="..\Siv3D\include\Siv3D\Format.hpp">
      <Filter>include\Siv3D</Filter>
    </ClInclude>
    <ClInclude Include="..\Siv3D\include\Siv3D\PlaceHolder.hpp">
      <Filter>include\Siv3D</Filter>
    </ClInclude>
    <ClInclude Include="..\Siv3D\include\Siv3D\IntFormatter.hpp">
      <Filter>include\Siv3D</Filter>
    </ClInclude>
    <ClInclude Include="..\Siv3D\include\Siv3D\FormatFloat.hpp">
      <Filter>include\Siv3D</Filter>
    </ClInclude>
    <ClInclude Include="..\Siv3D\src\ThirdParty\double-conversion\diy-fp.h">
      <Filter>src\ThirdParty\double-conversion</Filter>
    </ClInclude>
    <ClInclude Include="..\Siv3D\src\ThirdParty\double-conversion\double-conversion.h">
      <Filter>src\ThirdParty\double-conversion</Filter>
    </ClInclude>
    <ClInclude Include="..\Siv3D\src\ThirdParty\double-conversion\double-to-string.h">
      <Filter>src\ThirdParty\double-conversion</Filter>
    </ClInclude>
    <ClInclude Include="..\Siv3D\src\ThirdParty\double-conversion\fast-dtoa.h">
      <Filter>src\ThirdParty\double-conversion</Filter>
    </ClInclude>
    <ClInclude Include="..\Siv3D\src\ThirdParty\double-conversion\fixed-dtoa.h">
      <Filter>src\ThirdParty\double-conversion</Filter>
    </ClInclude>
    <ClInclude Include="..\Siv3D\src\ThirdParty\double-conversion\ieee.h">
      <Filter>src\ThirdParty\double-conversion</Filter>
    </ClInclude>
    <ClInclude Include="..\Siv3D\src\ThirdParty\double-conversion\string-to-double.h">
      <Filter>src\ThirdParty\double-conversion</Filter>
    </ClInclude>
    <ClInclude Include="..\Siv3D\src\ThirdParty\double-conversion\strtod.h">
      <Filter>src\ThirdParty\double-conversion</Filter>
    </ClInclude>
    <ClInclude Include="..\Siv3D\src\ThirdParty\double-conversion\utils.h">
      <Filter>src\ThirdParty\double-conversion</Filter>
    </ClInclude>
    <ClInclude Include="..\Siv3D\src\ThirdParty\double-conversion\bignum.h">
      <Filter>src\ThirdParty\double-conversion</Filter>
    </ClInclude>
    <ClInclude Include="..\Siv3D\src\ThirdParty\double-conversion\bignum-dtoa.h">
      <Filter>src\ThirdParty\double-conversion</Filter>
    </ClInclude>
    <ClInclude Include="..\Siv3D\src\ThirdParty\double-conversion\cached-powers.h">
      <Filter>src\ThirdParty\double-conversion</Filter>
    </ClInclude>
    <ClInclude Include="..\Siv3D\include\Siv3D\FormatInt.hpp">
      <Filter>include\Siv3D</Filter>
    </ClInclude>
    <ClInclude Include="..\Siv3D\include\Siv3D\NamedParameter.hpp">
      <Filter>include\Siv3D</Filter>
    </ClInclude>
    <ClInclude Include="..\Siv3D\include\Siv3D\PredefinedNamedParameter.hpp">
      <Filter>include\Siv3D</Filter>
    </ClInclude>
    <ClInclude Include="..\Siv3D\include\Siv3D\LetterCase.hpp">
      <Filter>include\Siv3D</Filter>
    </ClInclude>
    <ClInclude Include="..\Siv3D\include\Siv3D\Version.hpp">
      <Filter>include\Siv3D</Filter>
    </ClInclude>
    <ClInclude Include="..\Siv3D\include\Siv3D\Uncopyable.hpp">
      <Filter>include\Siv3D</Filter>
    </ClInclude>
    <ClInclude Include="..\Siv3D\include\Siv3D\Indexed.hpp">
      <Filter>include\Siv3D</Filter>
    </ClInclude>
    <ClInclude Include="..\Siv3D\include\Siv3D\Utility.hpp">
      <Filter>include\Siv3D</Filter>
    </ClInclude>
    <ClInclude Include="..\Siv3D\include\Siv3D\Concepts.hpp">
      <Filter>include\Siv3D</Filter>
    </ClInclude>
    <ClInclude Include="..\Siv3D\include\Siv3D\Logger.hpp">
      <Filter>include\Siv3D</Filter>
    </ClInclude>
    <ClInclude Include="..\Siv3D\src\Siv3D\Logger\ILogger.hpp">
      <Filter>src\Siv3D\Logger</Filter>
    </ClInclude>
    <ClInclude Include="..\Siv3D\src\Siv3D-Platform\WindowsDesktop\Logger\CLogger.hpp">
      <Filter>src\Siv3D-Platform\WindowsDesktop\Logger</Filter>
    </ClInclude>
    <ClInclude Include="..\Siv3D\include\Siv3D\Time.hpp">
      <Filter>include\Siv3D</Filter>
    </ClInclude>
    <ClInclude Include="..\Siv3D\include\Siv3D\LogLevel.hpp">
      <Filter>include\Siv3D</Filter>
    </ClInclude>
    <ClInclude Include="..\Siv3D\include\Siv3D\LogType.hpp">
      <Filter>include\Siv3D</Filter>
    </ClInclude>
    <ClInclude Include="..\Siv3D\src\Siv3D\Window\IWindow.hpp">
      <Filter>src\Siv3D\Window</Filter>
    </ClInclude>
    <ClInclude Include="..\Siv3D\src\Siv3D\System\ISystem.hpp">
      <Filter>src\Siv3D\System</Filter>
    </ClInclude>
    <ClInclude Include="..\Siv3D\src\Siv3D-Platform\WindowsDesktop\Window\CWindow.hpp">
      <Filter>src\Siv3D-Platform\WindowsDesktop\Window</Filter>
    </ClInclude>
    <ClInclude Include="..\Siv3D\src\Siv3D-Platform\WindowsDesktop\System\CSystem.hpp">
      <Filter>src\Siv3D-Platform\WindowsDesktop\System</Filter>
    </ClInclude>
    <ClInclude Include="..\Siv3D\include\Siv3D\Error.hpp">
      <Filter>include\Siv3D</Filter>
    </ClInclude>
    <ClInclude Include="..\Siv3D\include\Siv3D\EngineLog.hpp">
      <Filter>include\Siv3D</Filter>
    </ClInclude>
    <ClInclude Include="..\Siv3D\src\ThirdParty\miniutf\miniutf.hpp">
      <Filter>src\ThirdParty\miniutf</Filter>
    </ClInclude>
    <ClInclude Include="..\Siv3D\src\Siv3D-Platform\WindowsDesktop\Window\WindowProc.hpp">
      <Filter>src\Siv3D-Platform\WindowsDesktop\Window</Filter>
    </ClInclude>
    <ClInclude Include="..\Siv3D\include\Siv3D\Array.hpp">
      <Filter>include\Siv3D</Filter>
    </ClInclude>
    <ClInclude Include="..\Siv3D\src\Siv3D-Platform\WindowsDesktop\Window\Monitor.hpp">
      <Filter>src\Siv3D-Platform\WindowsDesktop\Window</Filter>
    </ClInclude>
    <ClInclude Include="..\Siv3D\include\Siv3D\Point.hpp">
      <Filter>include\Siv3D</Filter>
    </ClInclude>
    <ClInclude Include="..\Siv3D\include\Siv3D\Window.hpp">
      <Filter>include\Siv3D</Filter>
    </ClInclude>
    <ClInclude Include="..\Siv3D\include\Siv3D\PointVector.hpp">
      <Filter>include\Siv3D</Filter>
    </ClInclude>
    <ClInclude Include="..\Siv3D\src\Siv3D-Platform\WindowsDesktop\Window\DPIAwareness.hpp">
      <Filter>src\Siv3D-Platform\WindowsDesktop\Window</Filter>
    </ClInclude>
    <ClInclude Include="..\Siv3D\include\Siv3D\DLL.hpp">
      <Filter>include\Siv3D</Filter>
    </ClInclude>
  </ItemGroup>
  <ItemGroup>
    <ClCompile Include="..\Siv3D\src\Siv3D-Platform\WindowsDesktop\Siv3DMain.cpp">
      <Filter>src\Siv3D-Platform\WindowsDesktop</Filter>
    </ClCompile>
    <ClCompile Include="..\Siv3D\src\Siv3D\Common\ApplicationOptions.cpp">
      <Filter>src\Siv3D\Common</Filter>
    </ClCompile>
    <ClCompile Include="..\Siv3D\src\Siv3D\Common\Siv3DEngine.cpp">
      <Filter>src\Siv3D\Common</Filter>
    </ClCompile>
    <ClCompile Include="..\Siv3D\src\Siv3D\Dummy\DummyFactory.cpp">
      <Filter>src\Siv3D\Dummy</Filter>
    </ClCompile>
    <ClCompile Include="..\Siv3D\src\Siv3D\Dummy\CDummy.cpp">
      <Filter>src\Siv3D\Dummy</Filter>
    </ClCompile>
    <ClCompile Include="..\Siv3D\src\Siv3D\Console\ConsoleFactory.cpp">
      <Filter>src\Siv3D\Console</Filter>
    </ClCompile>
    <ClCompile Include="..\Siv3D\src\Siv3D-Platform\WindowsDesktop\Console\CConsole.cpp">
      <Filter>src\Siv3D-Platform\WindowsDesktop\Console</Filter>
    </ClCompile>
    <ClCompile Include="..\Siv3D\src\Siv3D\Console\SivConsole.cpp">
      <Filter>src\Siv3D-Platform\WindowsDesktop\Console</Filter>
    </ClCompile>
    <ClCompile Include="..\Siv3D\src\Siv3D\Unicode\SivUnicode.cpp">
      <Filter>src\Siv3D\Unicode</Filter>
    </ClCompile>
    <ClCompile Include="..\Siv3D\src\Siv3D-Platform\WindowsDesktop\Unicode\SivUnicode_Platform.cpp">
      <Filter>src\Siv3D-Platform\WindowsDesktop\Unicode</Filter>
    </ClCompile>
    <ClCompile Include="..\Siv3D\src\Siv3D\Unicode\UnicodeUtility.cpp">
      <Filter>src\Siv3D\Unicode</Filter>
    </ClCompile>
    <ClCompile Include="..\Siv3D\src\Siv3D\String\SivString.cpp">
      <Filter>src\Siv3D\String</Filter>
    </ClCompile>
    <ClCompile Include="..\Siv3D\src\Test\Siv3DTest.cpp">
      <Filter>src\Test</Filter>
    </ClCompile>
    <ClCompile Include="..\Siv3D\src\ThirdParty\fmt\format.cc">
      <Filter>src\ThirdParty\fmt</Filter>
    </ClCompile>
    <ClCompile Include="..\Siv3D\src\Siv3D\StringView\SivStringView.cpp">
      <Filter>src\Siv3D\StringView</Filter>
    </ClCompile>
    <ClCompile Include="..\Siv3D\src\Siv3D\Format\SivFormat.cpp">
      <Filter>src\Siv3D\Format</Filter>
    </ClCompile>
    <ClCompile Include="..\Siv3D\src\Siv3D\IntFormatter\SivIntFormatter.cpp">
      <Filter>src\Siv3D\IntFormatter</Filter>
    </ClCompile>
    <ClCompile Include="..\Siv3D\src\Siv3D\FormatFloat\SivFormatFloat.cpp">
      <Filter>src\Siv3D\FormatFloat</Filter>
    </ClCompile>
    <ClCompile Include="..\Siv3D\src\ThirdParty\double-conversion\double-to-string.cc">
      <Filter>src\ThirdParty\double-conversion</Filter>
    </ClCompile>
    <ClCompile Include="..\Siv3D\src\ThirdParty\double-conversion\fast-dtoa.cc">
      <Filter>src\ThirdParty\double-conversion</Filter>
    </ClCompile>
    <ClCompile Include="..\Siv3D\src\ThirdParty\double-conversion\fixed-dtoa.cc">
      <Filter>src\ThirdParty\double-conversion</Filter>
    </ClCompile>
    <ClCompile Include="..\Siv3D\src\ThirdParty\double-conversion\string-to-double.cc">
      <Filter>src\ThirdParty\double-conversion</Filter>
    </ClCompile>
    <ClCompile Include="..\Siv3D\src\ThirdParty\double-conversion\strtod.cc">
      <Filter>src\ThirdParty\double-conversion</Filter>
    </ClCompile>
    <ClCompile Include="..\Siv3D\src\ThirdParty\double-conversion\bignum.cc">
      <Filter>src\ThirdParty\double-conversion</Filter>
    </ClCompile>
    <ClCompile Include="..\Siv3D\src\ThirdParty\double-conversion\bignum-dtoa.cc">
      <Filter>src\ThirdParty\double-conversion</Filter>
    </ClCompile>
    <ClCompile Include="..\Siv3D\src\ThirdParty\double-conversion\cached-powers.cc">
      <Filter>src\ThirdParty\double-conversion</Filter>
    </ClCompile>
    <ClCompile Include="..\Siv3D\src\Siv3D\FormatInt\SivFormatInt.cpp">
      <Filter>src\Siv3D\FormatInt</Filter>
    </ClCompile>
    <ClCompile Include="..\Siv3D\src\Siv3D\Logger\LoggerFactory.cpp">
      <Filter>src\Siv3D\Logger</Filter>
    </ClCompile>
    <ClCompile Include="..\Siv3D\src\Siv3D\Logger\SivLogger.cpp">
      <Filter>src\Siv3D\Logger</Filter>
    </ClCompile>
    <ClCompile Include="..\Siv3D\src\Siv3D-Platform\WindowsDesktop\Logger\CLogger.cpp">
      <Filter>src\Siv3D-Platform\WindowsDesktop\Logger</Filter>
    </ClCompile>
    <ClCompile Include="..\Siv3D\src\Siv3D-Platform\WindowsDesktop\Time\SivTime.cpp">
      <Filter>src\Siv3D-Platform\WindowsDesktop\Time</Filter>
    </ClCompile>
    <ClCompile Include="..\Siv3D\src\Siv3D\Window\WindowFactory.cpp">
      <Filter>src\Siv3D\Window</Filter>
    </ClCompile>
    <ClCompile Include="..\Siv3D\src\Siv3D\System\SystemFactory.cpp">
      <Filter>src\Siv3D\System</Filter>
    </ClCompile>
    <ClCompile Include="..\Siv3D\src\Siv3D-Platform\WindowsDesktop\Window\CWindow.cpp">
      <Filter>src\Siv3D-Platform\WindowsDesktop\Window</Filter>
    </ClCompile>
    <ClCompile Include="..\Siv3D\src\Siv3D-Platform\WindowsDesktop\System\CSystem.cpp">
      <Filter>src\Siv3D-Platform\WindowsDesktop\System</Filter>
    </ClCompile>
    <ClCompile Include="..\Siv3D\src\Siv3D\Error\SivError.cpp">
      <Filter>src\Siv3D\Error</Filter>
    </ClCompile>
    <ClCompile Include="..\Siv3D\src\Siv3D\EngineLog\SivEngineLog.cpp">
      <Filter>src\Siv3D\EngineLog</Filter>
    </ClCompile>
    <ClCompile Include="..\Siv3D\src\Siv3D-Platform\WindowsDesktop\Window\WindowProc.cpp">
      <Filter>src\Siv3D-Platform\WindowsDesktop\Window</Filter>
    </ClCompile>
    <ClCompile Include="..\Siv3D\src\Siv3D-Platform\WindowsDesktop\Window\Monitor.cpp">
      <Filter>src\Siv3D-Platform\WindowsDesktop\Window</Filter>
    </ClCompile>
    <ClCompile Include="..\Siv3D\src\Siv3D-Platform\WindowsDesktop\Window\DPIAwareness.cpp">
      <Filter>src\Siv3D-Platform\WindowsDesktop\Window</Filter>
    </ClCompile>
    <ClCompile Include="..\Siv3D\src\Siv3D-Platform\WindowsDesktop\DLL\SivDLL.cpp">
      <Filter>src\Siv3D-Platform\WindowsDesktop\DLL</Filter>
    </ClCompile>
  </ItemGroup>
</Project>