<?xml version="1.0" encoding="utf-8"?>
<Project ToolsVersion="4.0" xmlns="http://schemas.microsoft.com/developer/msbuild/2003">
  <ItemGroup>
    <Filter Include="include">
      <UniqueIdentifier>{acba757f-66c3-44fe-944e-7a97e9a9fdb4}</UniqueIdentifier>
    </Filter>
    <Filter Include="src">
      <UniqueIdentifier>{0215d587-dfaa-4496-896c-341348684fc4}</UniqueIdentifier>
    </Filter>
    <Filter Include="src\Siv3D">
      <UniqueIdentifier>{d6a36ea8-4760-4ea7-835e-a042d5e8c3e7}</UniqueIdentifier>
    </Filter>
    <Filter Include="src\Siv3D-Platform">
      <UniqueIdentifier>{ebba16ef-76a7-41d4-959a-9c7c2e2e6c5e}</UniqueIdentifier>
    </Filter>
    <Filter Include="src\ThirdParty">
      <UniqueIdentifier>{3d8f5f90-ea87-4da2-8021-a10bd76722db}</UniqueIdentifier>
    </Filter>
    <Filter Include="src\Siv3D-Platform\WindowsDesktop">
      <UniqueIdentifier>{a0471f24-12be-4977-8e0f-194edd9bd66f}</UniqueIdentifier>
    </Filter>
    <Filter Include="include\Siv3D">
      <UniqueIdentifier>{94983735-9b51-4486-b199-8c60000e87e3}</UniqueIdentifier>
    </Filter>
    <Filter Include="include\Siv3D\Windows">
      <UniqueIdentifier>{e6ed8ac0-a137-4479-9d52-105bf02a0522}</UniqueIdentifier>
    </Filter>
    <Filter Include="src\Siv3D\Common">
      <UniqueIdentifier>{c7cb0422-51f3-411e-9438-6756a006f35d}</UniqueIdentifier>
    </Filter>
    <Filter Include="src\Siv3D\Dummy">
      <UniqueIdentifier>{08e17fcc-fa9a-46a1-a94b-f8e53008156b}</UniqueIdentifier>
    </Filter>
    <Filter Include="src\Siv3D\Console">
      <UniqueIdentifier>{8383c205-cd97-444a-a17c-062e652fc324}</UniqueIdentifier>
    </Filter>
    <Filter Include="src\Siv3D-Platform\WindowsDesktop\Console">
      <UniqueIdentifier>{85ddd086-16c9-4593-9e13-f0fea267aacd}</UniqueIdentifier>
    </Filter>
    <Filter Include="src\Siv3D\Unicode">
      <UniqueIdentifier>{5fb7da98-05b7-46e3-aea6-eaa5eb9fc4a8}</UniqueIdentifier>
    </Filter>
    <Filter Include="src\Siv3D-Platform\WindowsDesktop\Unicode">
      <UniqueIdentifier>{f3f6eb17-38f3-4190-a0bf-f932d6c1d6f0}</UniqueIdentifier>
    </Filter>
  </ItemGroup>
  <ItemGroup>
    <ClInclude Include="..\Siv3D\include\Siv3D.hpp">
      <Filter>include</Filter>
    </ClInclude>
    <ClInclude Include="..\Siv3D\include\Siv3D\Windows\Libraries.hpp">
      <Filter>include\Siv3D\Windows</Filter>
    </ClInclude>
    <ClInclude Include="..\Siv3D\include\Siv3D\Windows\Windows.hpp">
      <Filter>include\Siv3D\Windows</Filter>
    </ClInclude>
    <ClInclude Include="..\Siv3D\include\Siv3D\Windows\Resource.hpp">
      <Filter>include\Siv3D\Windows</Filter>
    </ClInclude>
    <ClInclude Include="..\Siv3D\include\Siv3D\ApplicationOptions.hpp">
      <Filter>include\Siv3D</Filter>
    </ClInclude>
    <ClInclude Include="..\Siv3D\src\Siv3D\Common\ApplicationOptions.hpp">
      <Filter>src\Siv3D\Common</Filter>
    </ClInclude>
    <ClInclude Include="..\Siv3D\include\Siv3D\Platform.hpp">
      <Filter>include\Siv3D</Filter>
    </ClInclude>
    <ClInclude Include="..\Siv3D\src\Siv3D\Common\Siv3DEngine.hpp">
      <Filter>src\Siv3D\Common</Filter>
    </ClInclude>
    <ClInclude Include="..\Siv3D\src\Siv3D\Common\Siv3DComponent.hpp">
      <Filter>src\Siv3D\Common</Filter>
    </ClInclude>
    <ClInclude Include="..\Siv3D\src\Siv3D\Dummy\CDummy.hpp">
      <Filter>src\Siv3D\Dummy</Filter>
    </ClInclude>
    <ClInclude Include="..\Siv3D\src\Siv3D\Dummy\IDummy.hpp">
      <Filter>src\Siv3D\Dummy</Filter>
    </ClInclude>
    <ClInclude Include="..\Siv3D\src\Siv3D\Console\IConsole.hpp">
      <Filter>src\Siv3D\Console</Filter>
    </ClInclude>
    <ClInclude Include="..\Siv3D\src\Siv3D-Platform\WindowsDesktop\Console\CConsole.hpp">
      <Filter>src\Siv3D-Platform\WindowsDesktop\Console</Filter>
    </ClInclude>
    <ClInclude Include="..\Siv3D\include\Siv3D\Console.hpp">
      <Filter>include\Siv3D</Filter>
    </ClInclude>
    <ClInclude Include="..\Siv3D\include\Siv3D\String.hpp">
      <Filter>include\Siv3D</Filter>
    </ClInclude>
    <ClInclude Include="..\Siv3D\include\Siv3D\StringView.hpp">
      <Filter>include\Siv3D</Filter>
    </ClInclude>
    <ClInclude Include="..\Siv3D\include\Siv3D\Types.hpp">
      <Filter>include\Siv3D</Filter>
    </ClInclude>
    <ClInclude Include="..\Siv3D\include\Siv3D\String.ipp">
      <Filter>include\Siv3D</Filter>
    </ClInclude>
    <ClInclude Include="..\Siv3D\include\Siv3D\Unicode.hpp">
      <Filter>include\Siv3D</Filter>
    </ClInclude>
    <ClInclude Include="..\Siv3D\include\Siv3D\Common.hpp">
      <Filter>include\Siv3D</Filter>
    </ClInclude>
    <ClInclude Include="..\Siv3D\src\Siv3D\Unicode\UnicodeUtility.hpp">
      <Filter>src\Siv3D\Unicode</Filter>
    </ClInclude>
  </ItemGroup>
  <ItemGroup>
    <ClCompile Include="..\Siv3D\src\Siv3D-Platform\WindowsDesktop\Siv3DMain.cpp">
      <Filter>src\Siv3D-Platform\WindowsDesktop</Filter>
    </ClCompile>
    <ClCompile Include="..\Siv3D\src\Siv3D\Common\ApplicationOptions.cpp">
      <Filter>src\Siv3D\Common</Filter>
    </ClCompile>
    <ClCompile Include="..\Siv3D\src\Siv3D\Common\Siv3DEngine.cpp">
      <Filter>src\Siv3D\Common</Filter>
    </ClCompile>
    <ClCompile Include="..\Siv3D\src\Siv3D\Dummy\DummyFactory.cpp">
      <Filter>src\Siv3D\Dummy</Filter>
    </ClCompile>
    <ClCompile Include="..\Siv3D\src\Siv3D\Dummy\CDummy.cpp">
      <Filter>src\Siv3D\Dummy</Filter>
    </ClCompile>
    <ClCompile Include="..\Siv3D\src\Siv3D\Console\ConsoleFactory.cpp">
      <Filter>src\Siv3D\Console</Filter>
    </ClCompile>
    <ClCompile Include="..\Siv3D\src\Siv3D-Platform\WindowsDesktop\Console\CConsole.cpp">
      <Filter>src\Siv3D-Platform\WindowsDesktop\Console</Filter>
    </ClCompile>
    <ClCompile Include="..\Siv3D\src\Siv3D\Console\SivConsole.cpp">
      <Filter>src\Siv3D-Platform\WindowsDesktop\Console</Filter>
    </ClCompile>
    <ClCompile Include="..\Siv3D\src\Siv3D\Unicode\SivUnicode.cpp">
      <Filter>src\Siv3D\Unicode</Filter>
    </ClCompile>
    <ClCompile Include="..\Siv3D\src\Siv3D-Platform\WindowsDesktop\Unicode\SivUnicode_Platform.cpp">
      <Filter>src\Siv3D-Platform\WindowsDesktop\Unicode</Filter>
    </ClCompile>
    <ClCompile Include="..\Siv3D\src\Siv3D\Unicode\UnicodeUtility.cpp">
      <Filter>src\Siv3D\Unicode</Filter>
    </ClCompile>
  </ItemGroup>
</Project>